
Microsoft Visual Studio Solution File, Format Version 12.00
# Visual Studio Version 17
VisualStudioVersion = 17.8.34309.116
MinimumVisualStudioVersion = 10.0.40219.1
Project("{8BC9CEB8-8B4A-11D0-8D11-00A0C91BC942}") = "ifStatements", "ifStatements\ifStatements.vcxproj", "{C741DAB4-B27E-4CBE-8FE6-9022A509B099}"
EndProject
Project("{8BC9CEB8-8B4A-11D0-8D11-00A0C91BC942}") = "Grades", "Grades\Grades.vcxproj", "{9DA41A8E-452F-4291-B4A1-64A357E142EF}"
EndProject
Project("{8BC9CEB8-8B4A-11D0-8D11-00A0C91BC942}") = "Shipping", "Shipping\Shipping.vcxproj", "{D590E4C4-6638-4005-B1C7-56B9E080CB3D}"
EndProject
Project("{8BC9CEB8-8B4A-11D0-8D11-00A0C91BC942}") = "Swith_Case", "Swith_Case\Swith_Case.vcxproj", "{3BEABC13-8733-4ED5-8197-763F26DF2B0F}"
EndProject
Project("{8BC9CEB8-8B4A-11D0-8D11-00A0C91BC942}") = "Grade_switch", "Grade_switch\Grade_switch.vcxproj", "{98BBB7F5-5165-47AB-A3CD-1AB4DC61DAFD}"
EndProject
Project("{8BC9CEB8-8B4A-11D0-8D11-00A0C91BC942}") = "Switch_enum", "Switch_enum\Switch_enum.vcxproj", "{673F13A6-3CBB-4265-94F8-9AB3F6E9B3AF}"
EndProject
Project("{8BC9CEB8-8B4A-11D0-8D11-00A0C91BC942}") = "loops", "loops\loops.vcxproj", "{6BCD7B38-0A72-4A24-9CB1-C1829EE20DA9}"
EndProject
Project("{8BC9CEB8-8B4A-11D0-8D11-00A0C91BC942}") = "Multiplication_Table", "Multiplication_Table\Multiplication_Table.vcxproj", "{2D530050-CE2A-42A6-8C1A-F3915C9CEAFC}"
EndProject
Project("{8BC9CEB8-8B4A-11D0-8D11-00A0C91BC942}") = "Histogram", "Histogram\Histogram.vcxproj", "{395C5375-C2F0-40AB-8373-B0AE9609715A}"
EndProject
Project("{8BC9CEB8-8B4A-11D0-8D11-00A0C91BC942}") = "Sec9Challenge", "Sec9Challenge\Sec9Challenge.vcxproj", "{E7A28F06-2047-40AE-9C48-F4E7D6A3D58B}"
EndProject
Global
	GlobalSection(SolutionConfigurationPlatforms) = preSolution
		Debug|x64 = Debug|x64
		Debug|x86 = Debug|x86
		Release|x64 = Release|x64
		Release|x86 = Release|x86
	EndGlobalSection
	GlobalSection(ProjectConfigurationPlatforms) = postSolution
		{C741DAB4-B27E-4CBE-8FE6-9022A509B099}.Debug|x64.ActiveCfg = Debug|x64
		{C741DAB4-B27E-4CBE-8FE6-9022A509B099}.Debug|x64.Build.0 = Debug|x64
		{C741DAB4-B27E-4CBE-8FE6-9022A509B099}.Debug|x86.ActiveCfg = Debug|Win32
		{C741DAB4-B27E-4CBE-8FE6-9022A509B099}.Debug|x86.Build.0 = Debug|Win32
		{C741DAB4-B27E-4CBE-8FE6-9022A509B099}.Release|x64.ActiveCfg = Release|x64
		{C741DAB4-B27E-4CBE-8FE6-9022A509B099}.Release|x64.Build.0 = Release|x64
		{C741DAB4-B27E-4CBE-8FE6-9022A509B099}.Release|x86.ActiveCfg = Release|Win32
		{C741DAB4-B27E-4CBE-8FE6-9022A509B099}.Release|x86.Build.0 = Release|Win32
		{9DA41A8E-452F-4291-B4A1-64A357E142EF}.Debug|x64.ActiveCfg = Debug|x64
		{9DA41A8E-452F-4291-B4A1-64A357E142EF}.Debug|x64.Build.0 = Debug|x64
		{9DA41A8E-452F-4291-B4A1-64A357E142EF}.Debug|x86.ActiveCfg = Debug|Win32
		{9DA41A8E-452F-4291-B4A1-64A357E142EF}.Debug|x86.Build.0 = Debug|Win32
		{9DA41A8E-452F-4291-B4A1-64A357E142EF}.Release|x64.ActiveCfg = Release|x64
		{9DA41A8E-452F-4291-B4A1-64A357E142EF}.Release|x64.Build.0 = Release|x64
		{9DA41A8E-452F-4291-B4A1-64A357E142EF}.Release|x86.ActiveCfg = Release|Win32
		{9DA41A8E-452F-4291-B4A1-64A357E142EF}.Release|x86.Build.0 = Release|Win32
		{D590E4C4-6638-4005-B1C7-56B9E080CB3D}.Debug|x64.ActiveCfg = Debug|x64
		{D590E4C4-6638-4005-B1C7-56B9E080CB3D}.Debug|x64.Build.0 = Debug|x64
		{D590E4C4-6638-4005-B1C7-56B9E080CB3D}.Debug|x86.ActiveCfg = Debug|Win32
		{D590E4C4-6638-4005-B1C7-56B9E080CB3D}.Debug|x86.Build.0 = Debug|Win32
		{D590E4C4-6638-4005-B1C7-56B9E080CB3D}.Release|x64.ActiveCfg = Release|x64
		{D590E4C4-6638-4005-B1C7-56B9E080CB3D}.Release|x64.Build.0 = Release|x64
		{D590E4C4-6638-4005-B1C7-56B9E080CB3D}.Release|x86.ActiveCfg = Release|Win32
		{D590E4C4-6638-4005-B1C7-56B9E080CB3D}.Release|x86.Build.0 = Release|Win32
		{3BEABC13-8733-4ED5-8197-763F26DF2B0F}.Debug|x64.ActiveCfg = Debug|x64
		{3BEABC13-8733-4ED5-8197-763F26DF2B0F}.Debug|x64.Build.0 = Debug|x64
		{3BEABC13-8733-4ED5-8197-763F26DF2B0F}.Debug|x86.ActiveCfg = Debug|Win32
		{3BEABC13-8733-4ED5-8197-763F26DF2B0F}.Debug|x86.Build.0 = Debug|Win32
		{3BEABC13-8733-4ED5-8197-763F26DF2B0F}.Release|x64.ActiveCfg = Release|x64
		{3BEABC13-8733-4ED5-8197-763F26DF2B0F}.Release|x64.Build.0 = Release|x64
		{3BEABC13-8733-4ED5-8197-763F26DF2B0F}.Release|x86.ActiveCfg = Release|Win32
		{3BEABC13-8733-4ED5-8197-763F26DF2B0F}.Release|x86.Build.0 = Release|Win32
		{98BBB7F5-5165-47AB-A3CD-1AB4DC61DAFD}.Debug|x64.ActiveCfg = Debug|x64
		{98BBB7F5-5165-47AB-A3CD-1AB4DC61DAFD}.Debug|x64.Build.0 = Debug|x64
		{98BBB7F5-5165-47AB-A3CD-1AB4DC61DAFD}.Debug|x86.ActiveCfg = Debug|Win32
		{98BBB7F5-5165-47AB-A3CD-1AB4DC61DAFD}.Debug|x86.Build.0 = Debug|Win32
		{98BBB7F5-5165-47AB-A3CD-1AB4DC61DAFD}.Release|x64.ActiveCfg = Release|x64
		{98BBB7F5-5165-47AB-A3CD-1AB4DC61DAFD}.Release|x64.Build.0 = Release|x64
		{98BBB7F5-5165-47AB-A3CD-1AB4DC61DAFD}.Release|x86.ActiveCfg = Release|Win32
		{98BBB7F5-5165-47AB-A3CD-1AB4DC61DAFD}.Release|x86.Build.0 = Release|Win32
		{673F13A6-3CBB-4265-94F8-9AB3F6E9B3AF}.Debug|x64.ActiveCfg = Debug|x64
		{673F13A6-3CBB-4265-94F8-9AB3F6E9B3AF}.Debug|x64.Build.0 = Debug|x64
		{673F13A6-3CBB-4265-94F8-9AB3F6E9B3AF}.Debug|x86.ActiveCfg = Debug|Win32
		{673F13A6-3CBB-4265-94F8-9AB3F6E9B3AF}.Debug|x86.Build.0 = Debug|Win32
		{673F13A6-3CBB-4265-94F8-9AB3F6E9B3AF}.Release|x64.ActiveCfg = Release|x64
		{673F13A6-3CBB-4265-94F8-9AB3F6E9B3AF}.Release|x64.Build.0 = Release|x64
		{673F13A6-3CBB-4265-94F8-9AB3F6E9B3AF}.Release|x86.ActiveCfg = Release|Win32
		{673F13A6-3CBB-4265-94F8-9AB3F6E9B3AF}.Release|x86.Build.0 = Release|Win32
		{6BCD7B38-0A72-4A24-9CB1-C1829EE20DA9}.Debug|x64.ActiveCfg = Debug|x64
		{6BCD7B38-0A72-4A24-9CB1-C1829EE20DA9}.Debug|x64.Build.0 = Debug|x64
		{6BCD7B38-0A72-4A24-9CB1-C1829EE20DA9}.Debug|x86.ActiveCfg = Debug|Win32
		{6BCD7B38-0A72-4A24-9CB1-C1829EE20DA9}.Debug|x86.Build.0 = Debug|Win32
		{6BCD7B38-0A72-4A24-9CB1-C1829EE20DA9}.Release|x64.ActiveCfg = Release|x64
		{6BCD7B38-0A72-4A24-9CB1-C1829EE20DA9}.Release|x64.Build.0 = Release|x64
		{6BCD7B38-0A72-4A24-9CB1-C1829EE20DA9}.Release|x86.ActiveCfg = Release|Win32
		{6BCD7B38-0A72-4A24-9CB1-C1829EE20DA9}.Release|x86.Build.0 = Release|Win32
		{2D530050-CE2A-42A6-8C1A-F3915C9CEAFC}.Debug|x64.ActiveCfg = Debug|x64
		{2D530050-CE2A-42A6-8C1A-F3915C9CEAFC}.Debug|x64.Build.0 = Debug|x64
		{2D530050-CE2A-42A6-8C1A-F3915C9CEAFC}.Debug|x86.ActiveCfg = Debug|Win32
		{2D530050-CE2A-42A6-8C1A-F3915C9CEAFC}.Debug|x86.Build.0 = Debug|Win32
		{2D530050-CE2A-42A6-8C1A-F3915C9CEAFC}.Release|x64.ActiveCfg = Release|x64
		{2D530050-CE2A-42A6-8C1A-F3915C9CEAFC}.Release|x64.Build.0 = Release|x64
		{2D530050-CE2A-42A6-8C1A-F3915C9CEAFC}.Release|x86.ActiveCfg = Release|Win32
		{2D530050-CE2A-42A6-8C1A-F3915C9CEAFC}.Release|x86.Build.0 = Release|Win32
		{395C5375-C2F0-40AB-8373-B0AE9609715A}.Debug|x64.ActiveCfg = Debug|x64
		{395C5375-C2F0-40AB-8373-B0AE9609715A}.Debug|x64.Build.0 = Debug|x64
		{395C5375-C2F0-40AB-8373-B0AE9609715A}.Debug|x86.ActiveCfg = Debug|Win32
		{395C5375-C2F0-40AB-8373-B0AE9609715A}.Debug|x86.Build.0 = Debug|Win32
		{395C5375-C2F0-40AB-8373-B0AE9609715A}.Release|x64.ActiveCfg = Release|x64
		{395C5375-C2F0-40AB-8373-B0AE9609715A}.Release|x64.Build.0 = Release|x64
		{395C5375-C2F0-40AB-8373-B0AE9609715A}.Release|x86.ActiveCfg = Release|Win32
		{395C5375-C2F0-40AB-8373-B0AE9609715A}.Release|x86.Build.0 = Release|Win32
		{E7A28F06-2047-40AE-9C48-F4E7D6A3D58B}.Debug|x64.ActiveCfg = Debug|x64
		{E7A28F06-2047-40AE-9C48-F4E7D6A3D58B}.Debug|x64.Build.0 = Debug|x64
		{E7A28F06-2047-40AE-9C48-F4E7D6A3D58B}.Debug|x86.ActiveCfg = Debug|Win32
		{E7A28F06-2047-40AE-9C48-F4E7D6A3D58B}.Debug|x86.Build.0 = Debug|Win32
		{E7A28F06-2047-40AE-9C48-F4E7D6A3D58B}.Release|x64.ActiveCfg = Release|x64
		{E7A28F06-2047-40AE-9C48-F4E7D6A3D58B}.Release|x64.Build.0 = Release|x64
		{E7A28F06-2047-40AE-9C48-F4E7D6A3D58B}.Release|x86.ActiveCfg = Release|Win32
		{E7A28F06-2047-40AE-9C48-F4E7D6A3D58B}.Release|x86.Build.0 = Release|Win32
	EndGlobalSection
	GlobalSection(SolutionProperties) = preSolution
		HideSolutionNode = FALSE
	EndGlobalSection
	GlobalSection(ExtensibilityGlobals) = postSolution
		SolutionGuid = {9385D0A1-4DA8-45C7-BDAF-39B72316568B}
	EndGlobalSection
EndGlobal
